
Microsoft Visual Studio Solution File, Format Version 12.00
# Visual Studio Version 16
VisualStudioVersion = 16.0.30330.147
MinimumVisualStudioVersion = 10.0.40219.1
Project("{9A19103F-16F7-4668-BE54-9A1E7A4F7556}") = "CodingInterviewPractice", "CodingInterviewPractice\CodingInterviewPractice.csproj", "{4F714798-08C2-4DDA-8832-7959BD8B9848}"
EndProject
Project("{FAE04EC0-301F-11D3-BF4B-00C04F79EFBC}") = "CodingInterviewPracticeTests", "CodingInterviewPracticeTests\CodingInterviewPracticeTests.csproj", "{B9E868FD-85CA-456B-A965-A215EF9DB7C9}"
EndProject
Global
	GlobalSection(SolutionConfigurationPlatforms) = preSolution
		Debug|Any CPU = Debug|Any CPU
		Release|Any CPU = Release|Any CPU
	EndGlobalSection
	GlobalSection(ProjectConfigurationPlatforms) = postSolution
		{4F714798-08C2-4DDA-8832-7959BD8B9848}.Debug|Any CPU.ActiveCfg = Debug|Any CPU
		{4F714798-08C2-4DDA-8832-7959BD8B9848}.Debug|Any CPU.Build.0 = Debug|Any CPU
		{4F714798-08C2-4DDA-8832-7959BD8B9848}.Release|Any CPU.ActiveCfg = Release|Any CPU
		{4F714798-08C2-4DDA-8832-7959BD8B9848}.Release|Any CPU.Build.0 = Release|Any CPU
		{B9E868FD-85CA-456B-A965-A215EF9DB7C9}.Debug|Any CPU.ActiveCfg = Debug|Any CPU
		{B9E868FD-85CA-456B-A965-A215EF9DB7C9}.Debug|Any CPU.Build.0 = Debug|Any CPU
		{B9E868FD-85CA-456B-A965-A215EF9DB7C9}.Release|Any CPU.ActiveCfg = Release|Any CPU
		{B9E868FD-85CA-456B-A965-A215EF9DB7C9}.Release|Any CPU.Build.0 = Release|Any CPU
	EndGlobalSection
	GlobalSection(SolutionProperties) = preSolution
		HideSolutionNode = FALSE
	EndGlobalSection
	GlobalSection(ExtensibilityGlobals) = postSolution
		SolutionGuid = {05E89846-7800-4BE5-9E24-D0019F347000}
	EndGlobalSection
EndGlobal
